
Microsoft Visual Studio Solution File, Format Version 12.00
# Visual Studio Version 16
VisualStudioVersion = 16.0.31019.35
MinimumVisualStudioVersion = 10.0.40219.1
Project("{FAE04EC0-301F-11D3-BF4B-00C04F79EFBC}") = "TesteGit", "TesteGit\TesteGit.csproj", "{7792A7E1-012C-4388-AF31-88FEC2A1879C}"
EndProject
Global
	GlobalSection(SolutionConfigurationPlatforms) = preSolution
		Debug|Any CPU = Debug|Any CPU
		Release|Any CPU = Release|Any CPU
	EndGlobalSection
	GlobalSection(ProjectConfigurationPlatforms) = postSolution
		{7792A7E1-012C-4388-AF31-88FEC2A1879C}.Debug|Any CPU.ActiveCfg = Debug|Any CPU
		{7792A7E1-012C-4388-AF31-88FEC2A1879C}.Debug|Any CPU.Build.0 = Debug|Any CPU
		{7792A7E1-012C-4388-AF31-88FEC2A1879C}.Release|Any CPU.ActiveCfg = Release|Any CPU
		{7792A7E1-012C-4388-AF31-88FEC2A1879C}.Release|Any CPU.Build.0 = Release|Any CPU
	EndGlobalSection
	GlobalSection(SolutionProperties) = preSolution
		HideSolutionNode = FALSE
	EndGlobalSection
	GlobalSection(ExtensibilityGlobals) = postSolution
		SolutionGuid = {04185D43-898D-4BF9-A06A-BBD961333268}
	EndGlobalSection
EndGlobal
